
Microsoft Visual Studio Solution File, Format Version 12.00
# Visual Studio 15
VisualStudioVersion = 15.0.27703.2042
MinimumVisualStudioVersion = 10.0.40219.1
Project("{FAE04EC0-301F-11D3-BF4B-00C04F79EFBC}") = "BlackJack", "BlackJack\BlackJack.csproj", "{CC2CF09A-0DAD-4B56-83EF-19E29B0A8D7B}"
EndProject
Project("{FAE04EC0-301F-11D3-BF4B-00C04F79EFBC}") = "DAL", "DAL\DAL.csproj", "{A4A21A90-110A-467E-AD7A-69DCF2D8A746}"
EndProject
Project("{FAE04EC0-301F-11D3-BF4B-00C04F79EFBC}") = "BLL", "BLL\BLL.csproj", "{A566D67B-FEC2-455B-8629-567E3543D033}"
EndProject
Project("{FAE04EC0-301F-11D3-BF4B-00C04F79EFBC}") = "VML", "VML\VML.csproj", "{8DE366A4-23F6-4F84-9092-5162CE1CA2CF}"
EndProject
Project("{FAE04EC0-301F-11D3-BF4B-00C04F79EFBC}") = "Mapper", "Mapper\Mapper.csproj", "{133B2E78-5DB6-47D6-BA67-5196CA8AF744}"
EndProject
Global
	GlobalSection(SolutionConfigurationPlatforms) = preSolution
		Debug|Any CPU = Debug|Any CPU
		Release|Any CPU = Release|Any CPU
	EndGlobalSection
	GlobalSection(ProjectConfigurationPlatforms) = postSolution
		{CC2CF09A-0DAD-4B56-83EF-19E29B0A8D7B}.Debug|Any CPU.ActiveCfg = Debug|Any CPU
		{CC2CF09A-0DAD-4B56-83EF-19E29B0A8D7B}.Debug|Any CPU.Build.0 = Debug|Any CPU
		{CC2CF09A-0DAD-4B56-83EF-19E29B0A8D7B}.Release|Any CPU.ActiveCfg = Release|Any CPU
		{CC2CF09A-0DAD-4B56-83EF-19E29B0A8D7B}.Release|Any CPU.Build.0 = Release|Any CPU
		{A4A21A90-110A-467E-AD7A-69DCF2D8A746}.Debug|Any CPU.ActiveCfg = Debug|Any CPU
		{A4A21A90-110A-467E-AD7A-69DCF2D8A746}.Debug|Any CPU.Build.0 = Debug|Any CPU
		{A4A21A90-110A-467E-AD7A-69DCF2D8A746}.Release|Any CPU.ActiveCfg = Release|Any CPU
		{A4A21A90-110A-467E-AD7A-69DCF2D8A746}.Release|Any CPU.Build.0 = Release|Any CPU
		{A566D67B-FEC2-455B-8629-567E3543D033}.Debug|Any CPU.ActiveCfg = Debug|Any CPU
		{A566D67B-FEC2-455B-8629-567E3543D033}.Debug|Any CPU.Build.0 = Debug|Any CPU
		{A566D67B-FEC2-455B-8629-567E3543D033}.Release|Any CPU.ActiveCfg = Release|Any CPU
		{A566D67B-FEC2-455B-8629-567E3543D033}.Release|Any CPU.Build.0 = Release|Any CPU
		{8DE366A4-23F6-4F84-9092-5162CE1CA2CF}.Debug|Any CPU.ActiveCfg = Debug|Any CPU
		{8DE366A4-23F6-4F84-9092-5162CE1CA2CF}.Debug|Any CPU.Build.0 = Debug|Any CPU
		{8DE366A4-23F6-4F84-9092-5162CE1CA2CF}.Release|Any CPU.ActiveCfg = Release|Any CPU
		{8DE366A4-23F6-4F84-9092-5162CE1CA2CF}.Release|Any CPU.Build.0 = Release|Any CPU
		{133B2E78-5DB6-47D6-BA67-5196CA8AF744}.Debug|Any CPU.ActiveCfg = Debug|Any CPU
		{133B2E78-5DB6-47D6-BA67-5196CA8AF744}.Debug|Any CPU.Build.0 = Debug|Any CPU
		{133B2E78-5DB6-47D6-BA67-5196CA8AF744}.Release|Any CPU.ActiveCfg = Release|Any CPU
		{133B2E78-5DB6-47D6-BA67-5196CA8AF744}.Release|Any CPU.Build.0 = Release|Any CPU
	EndGlobalSection
	GlobalSection(SolutionProperties) = preSolution
		HideSolutionNode = FALSE
	EndGlobalSection
	GlobalSection(ExtensibilityGlobals) = postSolution
		SolutionGuid = {743363AC-EA1F-4A94-A5D9-83D225E8275B}
	EndGlobalSection
EndGlobal
